// !$*UTF8*$!
{
	archiveVersion = 1;
	classes = {
	};
	objectVersion = 56;
	objects = {

/* Begin PBXBuildFile section */
		1809CF092A69873400DC28C8 /* APICaller.swift in Sources */ = {isa = PBXBuildFile; fileRef = 1809CF082A69873400DC28C8 /* APICaller.swift */; };
		188DB6172A686364008CE08E /* AppDelegate.swift in Sources */ = {isa = PBXBuildFile; fileRef = 188DB6162A686364008CE08E /* AppDelegate.swift */; };
		188DB6192A686364008CE08E /* SceneDelegate.swift in Sources */ = {isa = PBXBuildFile; fileRef = 188DB6182A686364008CE08E /* SceneDelegate.swift */; };
		188DB61B2A686364008CE08E /* EulerityViewController.swift in Sources */ = {isa = PBXBuildFile; fileRef = 188DB61A2A686364008CE08E /* EulerityViewController.swift */; };
		188DB61E2A686364008CE08E /* Main.storyboard in Resources */ = {isa = PBXBuildFile; fileRef = 188DB61C2A686364008CE08E /* Main.storyboard */; };
		188DB6202A686367008CE08E /* Assets.xcassets in Resources */ = {isa = PBXBuildFile; fileRef = 188DB61F2A686367008CE08E /* Assets.xcassets */; };
		188DB6232A686367008CE08E /* LaunchScreen.storyboard in Resources */ = {isa = PBXBuildFile; fileRef = 188DB6212A686367008CE08E /* LaunchScreen.storyboard */; };
		188DB62C2A6870C6008CE08E /* Pet.swift in Sources */ = {isa = PBXBuildFile; fileRef = 188DB62B2A6870C6008CE08E /* Pet.swift */; };
/* End PBXBuildFile section */

/* Begin PBXFileReference section */
		1809CF082A69873400DC28C8 /* APICaller.swift */ = {isa = PBXFileReference; lastKnownFileType = sourcecode.swift; path = APICaller.swift; sourceTree = "<group>"; };
		188DB6132A686364008CE08E /* EulerityAppChallenge.app */ = {isa = PBXFileReference; explicitFileType = wrapper.application; includeInIndex = 0; path = EulerityAppChallenge.app; sourceTree = BUILT_PRODUCTS_DIR; };
		188DB6162A686364008CE08E /* AppDelegate.swift */ = {isa = PBXFileReference; lastKnownFileType = sourcecode.swift; path = AppDelegate.swift; sourceTree = "<group>"; };
		188DB6182A686364008CE08E /* SceneDelegate.swift */ = {isa = PBXFileReference; lastKnownFileType = sourcecode.swift; path = SceneDelegate.swift; sourceTree = "<group>"; };
		188DB61A2A686364008CE08E /* EulerityViewController.swift */ = {isa = PBXFileReference; lastKnownFileType = sourcecode.swift; path = EulerityViewController.swift; sourceTree = "<group>"; };
		188DB61D2A686364008CE08E /* Base */ = {isa = PBXFileReference; lastKnownFileType = file.storyboard; name = Base; path = Base.lproj/Main.storyboard; sourceTree = "<group>"; };
		188DB61F2A686367008CE08E /* Assets.xcassets */ = {isa = PBXFileReference; lastKnownFileType = folder.assetcatalog; path = Assets.xcassets; sourceTree = "<group>"; };
		188DB6222A686367008CE08E /* Base */ = {isa = PBXFileReference; lastKnownFileType = file.storyboard; name = Base; path = Base.lproj/LaunchScreen.storyboard; sourceTree = "<group>"; };
		188DB6242A686367008CE08E /* Info.plist */ = {isa = PBXFileReference; lastKnownFileType = text.plist.xml; path = Info.plist; sourceTree = "<group>"; };
		188DB62B2A6870C6008CE08E /* Pet.swift */ = {isa = PBXFileReference; lastKnownFileType = sourcecode.swift; path = Pet.swift; sourceTree = "<group>"; };
/* End PBXFileReference section */

/* Begin PBXFrameworksBuildPhase section */
		188DB6102A686364008CE08E /* Frameworks */ = {
			isa = PBXFrameworksBuildPhase;
			buildActionMask = 2147483647;
			files = (
			);
			runOnlyForDeploymentPostprocessing = 0;
		};
/* End PBXFrameworksBuildPhase section */

/* Begin PBXGroup section */
		188DB60A2A686364008CE08E = {
			isa = PBXGroup;
			children = (
				188DB6152A686364008CE08E /* EulerityAppChallenge */,
				188DB6142A686364008CE08E /* Products */,
			);
			sourceTree = "<group>";
		};
		188DB6142A686364008CE08E /* Products */ = {
			isa = PBXGroup;
			children = (
				188DB6132A686364008CE08E /* EulerityAppChallenge.app */,
			);
			name = Products;
			sourceTree = "<group>";
		};
		188DB6152A686364008CE08E /* EulerityAppChallenge */ = {
			isa = PBXGroup;
			children = (
				18DC4ED22A698CA0000532F7 /* API */,
				18DC4ED42A698CE3000532F7 /* Core */,
				18DC4ED32A698CBA000532F7 /* Other */,
				188DB6242A686367008CE08E /* Info.plist */,
			);
			path = EulerityAppChallenge;
			sourceTree = "<group>";
		};
		18DC4ED22A698CA0000532F7 /* API */ = {
			isa = PBXGroup;
			children = (
				1809CF082A69873400DC28C8 /* APICaller.swift */,
				188DB62B2A6870C6008CE08E /* Pet.swift */,
			);
			path = API;
			sourceTree = "<group>";
		};
		18DC4ED32A698CBA000532F7 /* Other */ = {
			isa = PBXGroup;
			children = (
				188DB6162A686364008CE08E /* AppDelegate.swift */,
				188DB6182A686364008CE08E /* SceneDelegate.swift */,
				188DB61C2A686364008CE08E /* Main.storyboard */,
				188DB61F2A686367008CE08E /* Assets.xcassets */,
				188DB6212A686367008CE08E /* LaunchScreen.storyboard */,
			);
			path = Other;
			sourceTree = "<group>";
		};
		18DC4ED42A698CE3000532F7 /* Core */ = {
			isa = PBXGroup;
			children = (
				188DB61A2A686364008CE08E /* EulerityViewController.swift */,
			);
			path = Core;
			sourceTree = "<group>";
		};
/* End PBXGroup section */

/* Begin PBXNativeTarget section */
		188DB6122A686364008CE08E /* EulerityAppChallenge */ = {
			isa = PBXNativeTarget;
			buildConfigurationList = 188DB6272A686367008CE08E /* Build configuration list for PBXNativeTarget "EulerityAppChallenge" */;
			buildPhases = (
				188DB60F2A686364008CE08E /* Sources */,
				188DB6102A686364008CE08E /* Frameworks */,
				188DB6112A686364008CE08E /* Resources */,
			);
			buildRules = (
			);
			dependencies = (
			);
			name = EulerityAppChallenge;
			packageProductDependencies = (
			);
			productName = EulerityAppChallenge;
			productReference = 188DB6132A686364008CE08E /* EulerityAppChallenge.app */;
			productType = "com.apple.product-type.application";
		};
/* End PBXNativeTarget section */

/* Begin PBXProject section */
		188DB60B2A686364008CE08E /* Project object */ = {
			isa = PBXProject;
			attributes = {
				BuildIndependentTargetsInParallel = 1;
				LastSwiftUpdateCheck = 1430;
				LastUpgradeCheck = 1430;
				TargetAttributes = {
					188DB6122A686364008CE08E = {
						CreatedOnToolsVersion = 14.3;
					};
				};
			};
			buildConfigurationList = 188DB60E2A686364008CE08E /* Build configuration list for PBXProject "EulerityAppChallenge" */;
			compatibilityVersion = "Xcode 14.0";
			developmentRegion = en;
			hasScannedForEncodings = 0;
			knownRegions = (
				en,
				Base,
			);
			mainGroup = 188DB60A2A686364008CE08E;
			packageReferences = (
			);
			productRefGroup = 188DB6142A686364008CE08E /* Products */;
			projectDirPath = "";
			projectRoot = "";
			targets = (
				188DB6122A686364008CE08E /* EulerityAppChallenge */,
			);
		};
/* End PBXProject section */

/* Begin PBXResourcesBuildPhase section */
		188DB6112A686364008CE08E /* Resources */ = {
			isa = PBXResourcesBuildPhase;
			buildActionMask = 2147483647;
			files = (
				188DB6232A686367008CE08E /* LaunchScreen.storyboard in Resources */,
				188DB6202A686367008CE08E /* Assets.xcassets in Resources */,
				188DB61E2A686364008CE08E /* Main.storyboard in Resources */,
			);
			runOnlyForDeploymentPostprocessing = 0;
		};
/* End PBXResourcesBuildPhase section */

/* Begin PBXSourcesBuildPhase section */
		188DB60F2A686364008CE08E /* Sources */ = {
			isa = PBXSourcesBuildPhase;
			buildActionMask = 2147483647;
			files = (
				188DB61B2A686364008CE08E /* EulerityViewController.swift in Sources */,
				188DB6172A686364008CE08E /* AppDelegate.swift in Sources */,
				188DB6192A686364008CE08E /* SceneDelegate.swift in Sources */,
				1809CF092A69873400DC28C8 /* APICaller.swift in Sources */,
				188DB62C2A6870C6008CE08E /* Pet.swift in Sources */,
			);
			runOnlyForDeploymentPostprocessing = 0;
		};
/* End PBXSourcesBuildPhase section */

/* Begin PBXVariantGroup section */
		188DB61C2A686364008CE08E /* Main.storyboard */ = {
			isa = PBXVariantGroup;
			children = (
				188DB61D2A686364008CE08E /* Base */,
			);
			name = Main.storyboard;
			sourceTree = "<group>";
		};
		188DB6212A686367008CE08E /* LaunchScreen.storyboard */ = {
			isa = PBXVariantGroup;
			children = (
				188DB6222A686367008CE08E /* Base */,
			);
			name = LaunchScreen.storyboard;
			sourceTree = "<group>";
		};
/* End PBXVariantGroup section */

/* Begin XCBuildConfiguration section */
		188DB6252A686367008CE08E /* Debug */ = {
			isa = XCBuildConfiguration;
			buildSettings = {
				ALWAYS_SEARCH_USER_PATHS = NO;
				CLANG_ANALYZER_NONNULL = YES;
				CLANG_ANALYZER_NUMBER_OBJECT_CONVERSION = YES_AGGRESSIVE;
				CLANG_CXX_LANGUAGE_STANDARD = "gnu++20";
				CLANG_ENABLE_MODULES = YES;
				CLANG_ENABLE_OBJC_ARC = YES;
				CLANG_ENABLE_OBJC_WEAK = YES;
				CLANG_WARN_BLOCK_CAPTURE_AUTORELEASING = YES;
				CLANG_WARN_BOOL_CONVERSION = YES;
				CLANG_WARN_COMMA = YES;
				CLANG_WARN_CONSTANT_CONVERSION = YES;
				CLANG_WARN_DEPRECATED_OBJC_IMPLEMENTATIONS = YES;
				CLANG_WARN_DIRECT_OBJC_ISA_USAGE = YES_ERROR;
				CLANG_WARN_DOCUMENTATION_COMMENTS = YES;
				CLANG_WARN_EMPTY_BODY = YES;
				CLANG_WARN_ENUM_CONVERSION = YES;
				CLANG_WARN_INFINITE_RECURSION = YES;
				CLANG_WARN_INT_CONVERSION = YES;
				CLANG_WARN_NON_LITERAL_NULL_CONVERSION = YES;
				CLANG_WARN_OBJC_IMPLICIT_RETAIN_SELF = YES;
				CLANG_WARN_OBJC_LITERAL_CONVERSION = YES;
				CLANG_WARN_OBJC_ROOT_CLASS = YES_ERROR;
				CLANG_WARN_QUOTED_INCLUDE_IN_FRAMEWORK_HEADER = YES;
				CLANG_WARN_RANGE_LOOP_ANALYSIS = YES;
				CLANG_WARN_STRICT_PROTOTYPES = YES;
				CLANG_WARN_SUSPICIOUS_MOVE = YES;
				CLANG_WARN_UNGUARDED_AVAILABILITY = YES_AGGRESSIVE;
				CLANG_WARN_UNREACHABLE_CODE = YES;
				CLANG_WARN__DUPLICATE_METHOD_MATCH = YES;
				COPY_PHASE_STRIP = NO;
				DEBUG_INFORMATION_FORMAT = dwarf;
				ENABLE_STRICT_OBJC_MSGSEND = YES;
				ENABLE_TESTABILITY = YES;
				GCC_C_LANGUAGE_STANDARD = gnu11;
				GCC_DYNAMIC_NO_PIC = NO;
				GCC_NO_COMMON_BLOCKS = YES;
				GCC_OPTIMIZATION_LEVEL = 0;
				GCC_PREPROCESSOR_DEFINITIONS = (
					"DEBUG=1",
					"$(inherited)",
				);
				GCC_WARN_64_TO_32_BIT_CONVERSION = YES;
				GCC_WARN_ABOUT_RETURN_TYPE = YES_ERROR;
				GCC_WARN_UNDECLARED_SELECTOR = YES;
				GCC_WARN_UNINITIALIZED_AUTOS = YES_AGGRESSIVE;
				GCC_WARN_UNUSED_FUNCTION = YES;
				GCC_WARN_UNUSED_VARIABLE = YES;
				IPHONEOS_DEPLOYMENT_TARGET = 16.4;
				MTL_ENABLE_DEBUG_INFO = INCLUDE_SOURCE;
				MTL_FAST_MATH = YES;
				ONLY_ACTIVE_ARCH = YES;
				SDKROOT = iphoneos;
				SWIFT_ACTIVE_COMPILATION_CONDITIONS = DEBUG;
				SWIFT_OPTIMIZATION_LEVEL = "-Onone";
			};
			name = Debug;
		};
		188DB6262A686367008CE08E /* Release */ = {
			isa = XCBuildConfiguration;
			buildSettings = {
				ALWAYS_SEARCH_USER_PATHS = NO;
				CLANG_ANALYZER_NONNULL = YES;
				CLANG_ANALYZER_NUMBER_OBJECT_CONVERSION = YES_AGGRESSIVE;
				CLANG_CXX_LANGUAGE_STANDARD = "gnu++20";
				CLANG_ENABLE_MODULES = YES;
				CLANG_ENABLE_OBJC_ARC = YES;
				CLANG_ENABLE_OBJC_WEAK = YES;
				CLANG_WARN_BLOCK_CAPTURE_AUTORELEASING = YES;
				CLANG_WARN_BOOL_CONVERSION = YES;
				CLANG_WARN_COMMA = YES;
				CLANG_WARN_CONSTANT_CONVERSION = YES;
				CLANG_WARN_DEPRECATED_OBJC_IMPLEMENTATIONS = YES;
				CLANG_WARN_DIRECT_OBJC_ISA_USAGE = YES_ERROR;
				CLANG_WARN_DOCUMENTATION_COMMENTS = YES;
				CLANG_WARN_EMPTY_BODY = YES;
				CLANG_WARN_ENUM_CONVERSION = YES;
				CLANG_WARN_INFINITE_RECURSION = YES;
				CLANG_WARN_INT_CONVERSION = YES;
				CLANG_WARN_NON_LITERAL_NULL_CONVERSION = YES;
				CLANG_WARN_OBJC_IMPLICIT_RETAIN_SELF = YES;
				CLANG_WARN_OBJC_LITERAL_CONVERSION = YES;
				CLANG_WARN_OBJC_ROOT_CLASS = YES_ERROR;
				CLANG_WARN_QUOTED_INCLUDE_IN_FRAMEWORK_HEADER = YES;
				CLANG_WARN_RANGE_LOOP_ANALYSIS = YES;
				CLANG_WARN_STRICT_PROTOTYPES = YES;
				CLANG_WARN_SUSPICIOUS_MOVE = YES;
				CLANG_WARN_UNGUARDED_AVAILABILITY = YES_AGGRESSIVE;
				CLANG_WARN_UNREACHABLE_CODE = YES;
				CLANG_WARN__DUPLICATE_METHOD_MATCH = YES;
				COPY_PHASE_STRIP = NO;
				DEBUG_INFORMATION_FORMAT = "dwarf-with-dsym";
				ENABLE_NS_ASSERTIONS = NO;
				ENABLE_STRICT_OBJC_MSGSEND = YES;
				GCC_C_LANGUAGE_STANDARD = gnu11;
				GCC_NO_COMMON_BLOCKS = YES;
				GCC_WARN_64_TO_32_BIT_CONVERSION = YES;
				GCC_WARN_ABOUT_RETURN_TYPE = YES_ERROR;
				GCC_WARN_UNDECLARED_SELECTOR = YES;
				GCC_WARN_UNINITIALIZED_AUTOS = YES_AGGRESSIVE;
				GCC_WARN_UNUSED_FUNCTION = YES;
				GCC_WARN_UNUSED_VARIABLE = YES;
				IPHONEOS_DEPLOYMENT_TARGET = 16.4;
				MTL_ENABLE_DEBUG_INFO = NO;
				MTL_FAST_MATH = YES;
				SDKROOT = iphoneos;
				SWIFT_COMPILATION_MODE = wholemodule;
				SWIFT_OPTIMIZATION_LEVEL = "-O";
				VALIDATE_PRODUCT = YES;
			};
			name = Release;
		};
		188DB6282A686367008CE08E /* Debug */ = {
			isa = XCBuildConfiguration;
			buildSettings = {
				ASSETCATALOG_COMPILER_APPICON_NAME = AppIcon;
				ASSETCATALOG_COMPILER_GLOBAL_ACCENT_COLOR_NAME = AccentColor;
				CODE_SIGN_STYLE = Automatic;
				CURRENT_PROJECT_VERSION = 1;
				DEVELOPMENT_TEAM = CX2WD59759;
				GENERATE_INFOPLIST_FILE = YES;
				INFOPLIST_FILE = EulerityAppChallenge/Info.plist;
				INFOPLIST_KEY_UIApplicationSupportsIndirectInputEvents = YES;
				INFOPLIST_KEY_UILaunchStoryboardName = LaunchScreen;
				INFOPLIST_KEY_UIMainStoryboardFile = Main;
				INFOPLIST_KEY_UISupportedInterfaceOrientations_iPad = "UIInterfaceOrientationPortrait UIInterfaceOrientationPortraitUpsideDown UIInterfaceOrientationLandscapeLeft UIInterfaceOrientationLandscapeRight";
				INFOPLIST_KEY_UISupportedInterfaceOrientations_iPhone = "UIInterfaceOrientationPortrait UIInterfaceOrientationLandscapeLeft UIInterfaceOrientationLandscapeRight";
				LD_RUNPATH_SEARCH_PATHS = (
					"$(inherited)",
					"@executable_path/Frameworks",
				);
				MARKETING_VERSION = 1.0;
				PRODUCT_BUNDLE_IDENTIFIER = ICO.EulerityAppChallenge;
				PRODUCT_NAME = "$(TARGET_NAME)";
				SWIFT_EMIT_LOC_STRINGS = YES;
				SWIFT_VERSION = 5.0;
				TARGETED_DEVICE_FAMILY = "1,2";
			};
			name = Debug;
		};
		188DB6292A686367008CE08E /* Release */ = {
			isa = XCBuildConfiguration;
			buildSettings = {
				ASSETCATALOG_COMPILER_APPICON_NAME = AppIcon;
				ASSETCATALOG_COMPILER_GLOBAL_ACCENT_COLOR_NAME = AccentColor;
				CODE_SIGN_STYLE = Automatic;
				CURRENT_PROJECT_VERSION = 1;
				DEVELOPMENT_TEAM = CX2WD59759;
				GENERATE_INFOPLIST_FILE = YES;
				INFOPLIST_FILE = EulerityAppChallenge/Info.plist;
				INFOPLIST_KEY_UIApplicationSupportsIndirectInputEvents = YES;
				INFOPLIST_KEY_UILaunchStoryboardName = LaunchScreen;
				INFOPLIST_KEY_UIMainStoryboardFile = Main;
				INFOPLIST_KEY_UISupportedInterfaceOrientations_iPad = "UIInterfaceOrientationPortrait UIInterfaceOrientationPortraitUpsideDown UIInterfaceOrientationLandscapeLeft UIInterfaceOrientationLandscapeRight";
				INFOPLIST_KEY_UISupportedInterfaceOrientations_iPhone = "UIInterfaceOrientationPortrait UIInterfaceOrientationLandscapeLeft UIInterfaceOrientationLandscapeRight";
				LD_RUNPATH_SEARCH_PATHS = (
					"$(inherited)",
					"@executable_path/Frameworks",
				);
				MARKETING_VERSION = 1.0;
				PRODUCT_BUNDLE_IDENTIFIER = ICO.EulerityAppChallenge;
				PRODUCT_NAME = "$(TARGET_NAME)";
				SWIFT_EMIT_LOC_STRINGS = YES;
				SWIFT_VERSION = 5.0;
				TARGETED_DEVICE_FAMILY = "1,2";
			};
			name = Release;
		};
/* End XCBuildConfiguration section */

/* Begin XCConfigurationList section */
		188DB60E2A686364008CE08E /* Build configuration list for PBXProject "EulerityAppChallenge" */ = {
			isa = XCConfigurationList;
			buildConfigurations = (
				188DB6252A686367008CE08E /* Debug */,
				188DB6262A686367008CE08E /* Release */,
			);
			defaultConfigurationIsVisible = 0;
			defaultConfigurationName = Release;
		};
		188DB6272A686367008CE08E /* Build configuration list for PBXNativeTarget "EulerityAppChallenge" */ = {
			isa = XCConfigurationList;
			buildConfigurations = (
				188DB6282A686367008CE08E /* Debug */,
				188DB6292A686367008CE08E /* Release */,
			);
			defaultConfigurationIsVisible = 0;
			defaultConfigurationName = Release;
		};
/* End XCConfigurationList section */
	};
	rootObject = 188DB60B2A686364008CE08E /* Project object */;
}
